
Microsoft Visual Studio Solution File, Format Version 12.00
# Visual Studio Version 17
VisualStudioVersion = 17.9.34728.123
MinimumVisualStudioVersion = 10.0.40219.1
Project("{2150E333-8FDC-42A3-9474-1A3956D46DE8}") = "src", "src", "{C325C3A0-499D-4332-A078-ABCB7E570D58}"
EndProject
Project("{2150E333-8FDC-42A3-9474-1A3956D46DE8}") = "test", "test", "{FDBED406-46CB-4DA3-8806-B32BBDDEE3C5}"
EndProject
Project("{2150E333-8FDC-42A3-9474-1A3956D46DE8}") = "Core", "Core", "{27F9E229-070C-4B16-84D3-900371BD2D73}"
EndProject
Project("{2150E333-8FDC-42A3-9474-1A3956D46DE8}") = "Infrastructure", "Infrastructure", "{228A508A-21E7-4046-B07D-BE2D86CD0D4C}"
EndProject
Project("{2150E333-8FDC-42A3-9474-1A3956D46DE8}") = "Ui", "Ui", "{4E34A9A8-5A1F-4B19-8629-EE3A62AEFA4F}"
EndProject
Project("{9A19103F-16F7-4668-BE54-9A1E7A4F7556}") = "HRLeaveManagementDomain", "HRLeaveManagementDomain\HRLeaveManagementDomain.csproj", "{03B65A05-540D-4946-AB2D-21D0C21739FF}"
EndProject
Project("{9A19103F-16F7-4668-BE54-9A1E7A4F7556}") = "HRLeaveManagementApplication", "HRLeaveManagementApplication\HRLeaveManagementApplication.csproj", "{922BB48D-0538-4F71-90CD-843B335A8DFA}"
EndProject
Project("{9A19103F-16F7-4668-BE54-9A1E7A4F7556}") = "HRLeaveManagementInfrastructure", "HRLeaveManagementInfrastructure\HRLeaveManagementInfrastructure.csproj", "{D2A2AD59-8945-470D-89E7-573DC8F2273E}"
EndProject
Project("{9A19103F-16F7-4668-BE54-9A1E7A4F7556}") = "HRLeaveManagementPersistence", "HRLeaveManagementPersistence\HRLeaveManagementPersistence.csproj", "{08466C60-5779-45CB-9E32-60BB2FC54018}"
EndProject
Project("{2150E333-8FDC-42A3-9474-1A3956D46DE8}") = "Api", "Api", "{688209BB-F76B-488F-AF00-E9863855A342}"
EndProject
Project("{9A19103F-16F7-4668-BE54-9A1E7A4F7556}") = "HRLeaveManagementApi", "HRLeaveManagementApi\HRLeaveManagementApi.csproj", "{EE96F13B-35A9-4E2D-ACD1-8057B2E8EA74}"
EndProject
Project("{FAE04EC0-301F-11D3-BF4B-00C04F79EFBC}") = "HRLeaveManagementMVC", "HRLeaveManagementMVC\HRLeaveManagementMVC.csproj", "{B16E0750-2C8D-44EF-B0EA-E8E3121C23DC}"
EndProject
Global
	GlobalSection(SolutionConfigurationPlatforms) = preSolution
		Debug|Any CPU = Debug|Any CPU
		Release|Any CPU = Release|Any CPU
	EndGlobalSection
	GlobalSection(ProjectConfigurationPlatforms) = postSolution
		{03B65A05-540D-4946-AB2D-21D0C21739FF}.Debug|Any CPU.ActiveCfg = Debug|Any CPU
		{03B65A05-540D-4946-AB2D-21D0C21739FF}.Debug|Any CPU.Build.0 = Debug|Any CPU
		{03B65A05-540D-4946-AB2D-21D0C21739FF}.Release|Any CPU.ActiveCfg = Release|Any CPU
		{03B65A05-540D-4946-AB2D-21D0C21739FF}.Release|Any CPU.Build.0 = Release|Any CPU
		{922BB48D-0538-4F71-90CD-843B335A8DFA}.Debug|Any CPU.ActiveCfg = Debug|Any CPU
		{922BB48D-0538-4F71-90CD-843B335A8DFA}.Debug|Any CPU.Build.0 = Debug|Any CPU
		{922BB48D-0538-4F71-90CD-843B335A8DFA}.Release|Any CPU.ActiveCfg = Release|Any CPU
		{922BB48D-0538-4F71-90CD-843B335A8DFA}.Release|Any CPU.Build.0 = Release|Any CPU
		{D2A2AD59-8945-470D-89E7-573DC8F2273E}.Debug|Any CPU.ActiveCfg = Debug|Any CPU
		{D2A2AD59-8945-470D-89E7-573DC8F2273E}.Debug|Any CPU.Build.0 = Debug|Any CPU
		{D2A2AD59-8945-470D-89E7-573DC8F2273E}.Release|Any CPU.ActiveCfg = Release|Any CPU
		{D2A2AD59-8945-470D-89E7-573DC8F2273E}.Release|Any CPU.Build.0 = Release|Any CPU
		{08466C60-5779-45CB-9E32-60BB2FC54018}.Debug|Any CPU.ActiveCfg = Debug|Any CPU
		{08466C60-5779-45CB-9E32-60BB2FC54018}.Debug|Any CPU.Build.0 = Debug|Any CPU
		{08466C60-5779-45CB-9E32-60BB2FC54018}.Release|Any CPU.ActiveCfg = Release|Any CPU
		{08466C60-5779-45CB-9E32-60BB2FC54018}.Release|Any CPU.Build.0 = Release|Any CPU
		{EE96F13B-35A9-4E2D-ACD1-8057B2E8EA74}.Debug|Any CPU.ActiveCfg = Debug|Any CPU
		{EE96F13B-35A9-4E2D-ACD1-8057B2E8EA74}.Debug|Any CPU.Build.0 = Debug|Any CPU
		{EE96F13B-35A9-4E2D-ACD1-8057B2E8EA74}.Release|Any CPU.ActiveCfg = Release|Any CPU
		{EE96F13B-35A9-4E2D-ACD1-8057B2E8EA74}.Release|Any CPU.Build.0 = Release|Any CPU
		{B16E0750-2C8D-44EF-B0EA-E8E3121C23DC}.Debug|Any CPU.ActiveCfg = Debug|Any CPU
		{B16E0750-2C8D-44EF-B0EA-E8E3121C23DC}.Debug|Any CPU.Build.0 = Debug|Any CPU
		{B16E0750-2C8D-44EF-B0EA-E8E3121C23DC}.Release|Any CPU.ActiveCfg = Release|Any CPU
		{B16E0750-2C8D-44EF-B0EA-E8E3121C23DC}.Release|Any CPU.Build.0 = Release|Any CPU
	EndGlobalSection
	GlobalSection(SolutionProperties) = preSolution
		HideSolutionNode = FALSE
	EndGlobalSection
	GlobalSection(NestedProjects) = preSolution
		{27F9E229-070C-4B16-84D3-900371BD2D73} = {C325C3A0-499D-4332-A078-ABCB7E570D58}
		{228A508A-21E7-4046-B07D-BE2D86CD0D4C} = {C325C3A0-499D-4332-A078-ABCB7E570D58}
		{4E34A9A8-5A1F-4B19-8629-EE3A62AEFA4F} = {C325C3A0-499D-4332-A078-ABCB7E570D58}
		{03B65A05-540D-4946-AB2D-21D0C21739FF} = {27F9E229-070C-4B16-84D3-900371BD2D73}
		{922BB48D-0538-4F71-90CD-843B335A8DFA} = {27F9E229-070C-4B16-84D3-900371BD2D73}
		{D2A2AD59-8945-470D-89E7-573DC8F2273E} = {228A508A-21E7-4046-B07D-BE2D86CD0D4C}
		{08466C60-5779-45CB-9E32-60BB2FC54018} = {228A508A-21E7-4046-B07D-BE2D86CD0D4C}
		{688209BB-F76B-488F-AF00-E9863855A342} = {C325C3A0-499D-4332-A078-ABCB7E570D58}
		{EE96F13B-35A9-4E2D-ACD1-8057B2E8EA74} = {688209BB-F76B-488F-AF00-E9863855A342}
		{B16E0750-2C8D-44EF-B0EA-E8E3121C23DC} = {4E34A9A8-5A1F-4B19-8629-EE3A62AEFA4F}
	EndGlobalSection
	GlobalSection(ExtensibilityGlobals) = postSolution
		SolutionGuid = {33F58EAC-F44D-43AC-A521-20F8F19C531F}
	EndGlobalSection
EndGlobal
