
Microsoft Visual Studio Solution File, Format Version 12.00
# Visual Studio Version 17
VisualStudioVersion = 17.9.34728.123
MinimumVisualStudioVersion = 10.0.40219.1
Project("{2150E333-8FDC-42A3-9474-1A3956D46DE8}") = "src", "src", "{C325C3A0-499D-4332-A078-ABCB7E570D58}"
EndProject
Project("{2150E333-8FDC-42A3-9474-1A3956D46DE8}") = "test", "test", "{FDBED406-46CB-4DA3-8806-B32BBDDEE3C5}"
EndProject
Project("{2150E333-8FDC-42A3-9474-1A3956D46DE8}") = "Api", "Api", "{D515D8D4-141A-41C5-94F3-25F680123DDD}"
EndProject
Project("{2150E333-8FDC-42A3-9474-1A3956D46DE8}") = "Core", "Core", "{27F9E229-070C-4B16-84D3-900371BD2D73}"
EndProject
Project("{2150E333-8FDC-42A3-9474-1A3956D46DE8}") = "Infrastructure", "Infrastructure", "{228A508A-21E7-4046-B07D-BE2D86CD0D4C}"
EndProject
Project("{2150E333-8FDC-42A3-9474-1A3956D46DE8}") = "Ui", "Ui", "{4E34A9A8-5A1F-4B19-8629-EE3A62AEFA4F}"
EndProject
Project("{FAE04EC0-301F-11D3-BF4B-00C04F79EFBC}") = "HRLeaveManagementDomain", "HRLeaveManagementDomain\HRLeaveManagementDomain.csproj", "{03B65A05-540D-4946-AB2D-21D0C21739FF}"
EndProject
Global
	GlobalSection(SolutionConfigurationPlatforms) = preSolution
		Debug|Any CPU = Debug|Any CPU
		Release|Any CPU = Release|Any CPU
	EndGlobalSection
	GlobalSection(ProjectConfigurationPlatforms) = postSolution
		{03B65A05-540D-4946-AB2D-21D0C21739FF}.Debug|Any CPU.ActiveCfg = Debug|Any CPU
		{03B65A05-540D-4946-AB2D-21D0C21739FF}.Debug|Any CPU.Build.0 = Debug|Any CPU
		{03B65A05-540D-4946-AB2D-21D0C21739FF}.Release|Any CPU.ActiveCfg = Release|Any CPU
		{03B65A05-540D-4946-AB2D-21D0C21739FF}.Release|Any CPU.Build.0 = Release|Any CPU
	EndGlobalSection
	GlobalSection(SolutionProperties) = preSolution
		HideSolutionNode = FALSE
	EndGlobalSection
	GlobalSection(NestedProjects) = preSolution
		{D515D8D4-141A-41C5-94F3-25F680123DDD} = {C325C3A0-499D-4332-A078-ABCB7E570D58}
		{27F9E229-070C-4B16-84D3-900371BD2D73} = {C325C3A0-499D-4332-A078-ABCB7E570D58}
		{228A508A-21E7-4046-B07D-BE2D86CD0D4C} = {C325C3A0-499D-4332-A078-ABCB7E570D58}
		{4E34A9A8-5A1F-4B19-8629-EE3A62AEFA4F} = {C325C3A0-499D-4332-A078-ABCB7E570D58}
		{03B65A05-540D-4946-AB2D-21D0C21739FF} = {27F9E229-070C-4B16-84D3-900371BD2D73}
	EndGlobalSection
	GlobalSection(ExtensibilityGlobals) = postSolution
		SolutionGuid = {33F58EAC-F44D-43AC-A521-20F8F19C531F}
	EndGlobalSection
EndGlobal
